<?xml version="1.0" encoding="UTF-8" standalone="yes" ?>
<CodeBlocks_project_file>
	<FileVersion major="1" minor="6" />
	<Project>
		<Option title="sqStack" />
		<Option pch_mode="2" />
		<Option compiler="gcc" />
		<Build>
			<Target title="Debug">
				<Option output="bin/Debug/sqStack" prefix_auto="1" extension_auto="1" />
				<Option object_output="obj/Debug/" />
				<Option type="1" />
				<Option compiler="gcc" />
				<Compiler>
					<Add option="-g" />
				</Compiler>
			</Target>
			<Target title="Release">
				<Option output="bin/Release/sqStack" prefix_auto="1" extension_auto="1" />
				<Option object_output="obj/Release/" />
				<Option type="1" />
				<Option compiler="gcc" />
				<Compiler>
					<Add option="-O2" />
				</Compiler>
				<Linker>
					<Add option="-s" />
				</Linker>
			</Target>
		</Build>
		<Compiler>
			<Add option="-Wall" />
		</Compiler>
		<Unit filename="Binarytodecimal.c">
			<Option compilerVar="CC" />
		</Unit>
		<Unit filename="c_init.c">
			<Option compilerVar="CC" />
		</Unit>
		<Unit filename="clear.c">
			<Option compilerVar="CC" />
		</Unit>
		<Unit filename="cpop.c">
			<Option compilerVar="CC" />
		</Unit>
		<Unit filename="cpush.c">
			<Option compilerVar="CC" />
		</Unit>
		<Unit filename="cslen.c">
			<Option compilerVar="CC" />
		</Unit>
		<Unit filename="currentsize.c">
			<Option compilerVar="CC" />
		</Unit>
		<Unit filename="definsqstack.h" />
		<Unit filename="destoryStack.c">
			<Option compilerVar="CC" />
		</Unit>
		<Unit filename="init_Stack.c">
			<Option compilerVar="CC" />
		</Unit>
		<Unit filename="main.c">
			<Option compilerVar="CC" />
		</Unit>
		<Unit filename="pop.c">
			<Option compilerVar="CC" />
		</Unit>
		<Unit filename="pushStack.c">
			<Option compilerVar="CC" />
		</Unit>
		<Extensions>
			<lib_finder disable_auto="1" />
		</Extensions>
	</Project>
</CodeBlocks_project_file>
